# generated by rye
# use `rye lock` or `rye sync` to update this lockfile
#
# last locked with the following flags:
#   pre: false
#   features: []
#   all-features: true
#   with-sources: false

-e file:.
    # via baselines
-e file:baselines
-e file:fundus-datamodules
    # via baselines
    # via lesion-aware-transformer
    # via masked-vit
-e file:lesion-aware-transformer
-e file:masked-vit
absl-py==2.1.0
    # via tensorboard
aiohttp==3.9.3
    # via fsspec
    # via torch-geometric
aiosignal==1.3.1
    # via aiohttp
albumentations==1.4.0
    # via fundus-datamodules
    # via lesion-gnn
alembic==1.13.1
    # via optuna
appdirs==1.4.4
    # via wandb
asttokens==2.4.1
    # via stack-data
async-timeout==4.0.3
    # via aiohttp
attrs==23.2.0
    # via aiohttp
certifi==2024.2.2
    # via requests
    # via sentry-sdk
cfgv==3.4.0
    # via pre-commit
charset-normalizer==3.3.2
    # via requests
click==8.1.7
    # via wandb
colorlog==6.8.2
    # via optuna
comm==0.2.1
    # via ipykernel
    # via ipywidgets
contourpy==1.2.0
    # via matplotlib
coverage==7.4.3
    # via pytest-cov
cycler==0.12.1
    # via matplotlib
debugpy==1.8.1
    # via ipykernel
decorator==5.1.1
    # via ipython
distlib==0.3.8
    # via virtualenv
docker-pycreds==0.4.0
    # via wandb
efficientnet-pytorch==0.7.1
    # via segmentation-models-pytorch
einops==0.7.0
    # via lesion-aware-transformer
exceptiongroup==1.2.0
    # via ipython
    # via pytest
executing==2.0.1
    # via stack-data
filelock==3.13.1
    # via huggingface-hub
    # via torch
    # via triton
    # via virtualenv
fonttools==4.49.0
    # via matplotlib
frozenlist==1.4.1
    # via aiohttp
    # via aiosignal
fsspec==2024.2.0
    # via huggingface-hub
    # via lightning
    # via pytorch-lightning
    # via torch
    # via torch-geometric
fundus-lesions-toolkit @ git+https://github.com/ClementPla/fundus-lesions-toolkit@855441109917be2c4ad22bfa0c97b568edc933fc
    # via lesion-gnn
    # via masked-vit
gitdb==4.0.11
    # via gitpython
gitpython==3.1.42
    # via wandb
greenlet==3.0.3
    # via sqlalchemy
grpcio==1.62.0
    # via tensorboard
huggingface-hub==0.21.3
    # via timm
identify==2.5.35
    # via pre-commit
idna==3.6
    # via requests
    # via yarl
imageio==2.34.0
    # via scikit-image
iniconfig==2.0.0
    # via pytest
ipykernel==6.29.3
    # via lesion-aware-transformer
    # via lesion-gnn
ipython==8.22.1
    # via ipykernel
    # via ipywidgets
ipywidgets==8.1.2
    # via lesion-aware-transformer
    # via lesion-gnn
jedi==0.19.1
    # via ipython
jinja2==3.1.3
    # via torch
    # via torch-geometric
joblib==1.3.2
    # via scikit-learn
jupyter-client==8.6.0
    # via ipykernel
jupyter-core==5.7.1
    # via ipykernel
    # via jupyter-client
jupyterlab-widgets==3.0.10
    # via ipywidgets
kiwisolver==1.4.5
    # via matplotlib
lazy-loader==0.3
    # via scikit-image
lightning==2.2.1
    # via baselines
    # via fundus-datamodules
    # via lesion-aware-transformer
    # via lesion-gnn
    # via masked-vit
lightning-bolts==0.7.0
    # via baselines
    # via lesion-gnn
lightning-utilities==0.10.1
    # via lightning
    # via lightning-bolts
    # via pytorch-lightning
    # via torchmetrics
mako==1.3.2
    # via alembic
markdown==3.5.2
    # via tensorboard
markupsafe==2.1.5
    # via jinja2
    # via mako
    # via werkzeug
matplotlib==3.8.3
    # via lesion-aware-transformer
    # via lesion-gnn
    # via masked-vit
matplotlib-inline==0.1.6
    # via ipykernel
    # via ipython
mpmath==1.3.0
    # via sympy
multidict==6.0.5
    # via aiohttp
    # via yarl
munch==4.0.0
    # via pretrainedmodels
nest-asyncio==1.6.0
    # via ipykernel
networkx==3.2.1
    # via scikit-image
    # via torch
nodeenv==1.8.0
    # via pre-commit
numpy==1.26.4
    # via albumentations
    # via contourpy
    # via fundus-datamodules
    # via fundus-lesions-toolkit
    # via imageio
    # via lesion-gnn
    # via lightning
    # via lightning-bolts
    # via matplotlib
    # via opencv-python
    # via opencv-python-headless
    # via optuna
    # via pandas
    # via pytorch-lightning
    # via qudida
    # via scikit-image
    # via scikit-learn
    # via scipy
    # via tensorboard
    # via tifffile
    # via torch-geometric
    # via torchmetrics
    # via torchvision
nvidia-cublas-cu12==12.1.3.1
    # via nvidia-cudnn-cu12
    # via nvidia-cusolver-cu12
    # via torch
nvidia-cuda-cupti-cu12==12.1.105
    # via torch
nvidia-cuda-nvrtc-cu12==12.1.105
    # via torch
nvidia-cuda-runtime-cu12==12.1.105
    # via torch
nvidia-cudnn-cu12==8.9.2.26
    # via torch
nvidia-cufft-cu12==11.0.2.54
    # via torch
nvidia-curand-cu12==10.3.2.106
    # via torch
nvidia-cusolver-cu12==11.4.5.107
    # via torch
nvidia-cusparse-cu12==12.1.0.106
    # via nvidia-cusolver-cu12
    # via torch
nvidia-nccl-cu12==2.19.3
    # via torch
nvidia-nvjitlink-cu12==12.3.101
    # via nvidia-cusolver-cu12
    # via nvidia-cusparse-cu12
nvidia-nvtx-cu12==12.1.105
    # via torch
opencv-python==4.9.0.80
    # via albumentations
opencv-python-headless==4.9.0.80
    # via fundus-datamodules
    # via fundus-lesions-toolkit
    # via lesion-gnn
    # via qudida
optuna==3.5.0
    # via lesion-gnn
packaging==23.2
    # via huggingface-hub
    # via ipykernel
    # via lightning
    # via lightning-utilities
    # via matplotlib
    # via optuna
    # via pytest
    # via pytorch-lightning
    # via scikit-image
    # via torchmetrics
pandas==2.2.1
    # via fundus-datamodules
    # via fundus-lesions-toolkit
    # via lesion-gnn
parso==0.8.3
    # via jedi
pexpect==4.9.0
    # via ipython
pillow==10.2.0
    # via imageio
    # via matplotlib
    # via scikit-image
    # via torchvision
platformdirs==4.2.0
    # via jupyter-core
    # via virtualenv
pluggy==1.4.0
    # via pytest
pre-commit==3.6.2
pretrainedmodels==0.7.4
    # via segmentation-models-pytorch
prompt-toolkit==3.0.43
    # via ipython
protobuf==4.25.3
    # via tensorboard
    # via wandb
psutil==5.9.8
    # via ipykernel
    # via torch-geometric
    # via wandb
ptyprocess==0.7.0
    # via pexpect
pure-eval==0.2.2
    # via stack-data
pygments==2.17.2
    # via ipython
pyparsing==3.1.1
    # via matplotlib
    # via torch-geometric
pytest==8.0.2
    # via pytest-cov
pytest-cov==4.1.0
python-dateutil==2.9.0.post0
    # via jupyter-client
    # via matplotlib
    # via pandas
pytorch-lightning==1.9.5
    # via lightning
    # via lightning-bolts
pytz==2024.1
    # via pandas
pyyaml==6.0.1
    # via albumentations
    # via huggingface-hub
    # via lightning
    # via optuna
    # via pre-commit
    # via pytorch-lightning
    # via timm
    # via wandb
pyzmq==25.1.2
    # via ipykernel
    # via jupyter-client
qudida==0.0.4
    # via albumentations
requests==2.31.0
    # via huggingface-hub
    # via torch-geometric
    # via wandb
safetensors==0.4.2
    # via timm
scikit-image==0.22.0
    # via albumentations
scikit-learn==1.4.1.post1
    # via lesion-gnn
    # via qudida
    # via torch-geometric
scipy==1.12.0
    # via albumentations
    # via scikit-image
    # via scikit-learn
    # via torch-cluster
    # via torch-geometric
    # via torch-sparse
segmentation-models-pytorch==0.1.0
    # via fundus-lesions-toolkit
sentry-sdk==1.40.6
    # via wandb
setproctitle==1.3.3
    # via wandb
setuptools==69.1.1
    # via lightning-utilities
    # via nodeenv
    # via tensorboard
    # via wandb
six==1.16.0
    # via asttokens
    # via docker-pycreds
    # via python-dateutil
    # via tensorboard
smmap==5.0.1
    # via gitdb
sqlalchemy==2.0.27
    # via alembic
    # via optuna
stack-data==0.6.3
    # via ipython
sympy==1.12
    # via torch
tensorboard==2.16.2
    # via lightning-bolts
tensorboard-data-server==0.7.2
    # via tensorboard
threadpoolctl==3.3.0
    # via scikit-learn
tifffile==2024.2.12
    # via scikit-image
timm==0.9.16
    # via baselines
    # via fundus-datamodules
    # via lesion-aware-transformer
    # via masked-vit
tomli==2.0.1
    # via coverage
    # via pytest
torch==2.2.1
    # via baselines
    # via efficientnet-pytorch
    # via fundus-datamodules
    # via fundus-lesions-toolkit
    # via lesion-aware-transformer
    # via lesion-gnn
    # via lightning
    # via masked-vit
    # via pretrainedmodels
    # via pytorch-lightning
    # via timm
    # via torchmetrics
    # via torchvision
torch-cluster==1.6.3+pt22cu121
    # via lesion-gnn
torch-geometric==2.5.1
    # via lesion-aware-transformer
    # via lesion-gnn
torch-scatter==2.1.2+pt22cu121
    # via lesion-aware-transformer
    # via lesion-gnn
torch-sparse==0.6.18+pt22cu121
    # via lesion-gnn
torchmetrics==1.3.1
    # via lesion-aware-transformer
    # via lesion-gnn
    # via lightning
    # via lightning-bolts
    # via pytorch-lightning
torchvision==0.17.1
    # via fundus-lesions-toolkit
    # via lightning-bolts
    # via pretrainedmodels
    # via segmentation-models-pytorch
    # via timm
tornado==6.4
    # via ipykernel
    # via jupyter-client
tqdm==4.66.2
    # via huggingface-hub
    # via lightning
    # via optuna
    # via pretrainedmodels
    # via pytorch-lightning
    # via torch-geometric
traitlets==5.14.1
    # via comm
    # via ipykernel
    # via ipython
    # via ipywidgets
    # via jupyter-client
    # via jupyter-core
    # via matplotlib-inline
triton==2.2.0
    # via torch
typing-extensions==4.10.0
    # via alembic
    # via huggingface-hub
    # via lightning
    # via lightning-utilities
    # via pytorch-lightning
    # via qudida
    # via sqlalchemy
    # via torch
tzdata==2024.1
    # via pandas
urllib3==2.2.1
    # via requests
    # via sentry-sdk
virtualenv==20.25.1
    # via pre-commit
wandb==0.16.3
    # via lesion-aware-transformer
    # via lesion-gnn
wcwidth==0.2.13
    # via prompt-toolkit
werkzeug==3.0.1
    # via tensorboard
widgetsnbextension==4.0.10
    # via ipywidgets
yarl==1.9.4
    # via aiohttp
